# This file is generated by running "yarn install" inside your project.
# Manual changes might be lost - proceed with caution!

__metadata:
  version: 4
  cacheKey: 7

"oli@workspace:.":
  version: 0.0.0-use.local
  resolution: "oli@workspace:."
  dependencies:
    python-shell: ^2.0.3
  languageName: unknown
  linkType: soft

"python-shell@npm:^2.0.3":
  version: 2.0.3
  resolution: "python-shell@npm:2.0.3"
  checksum: 911a11827b28e85c6e4ec2c636463184b70b10971137eb0a7978ec86a38803e21d42e7413af4288f31a6f342f8250668e471269a175480408f150aa6447b1c4a
  languageName: node
  linkType: hard
